// !$*UTF8*$!
{
	archiveVersion = 1;
	classes = {
	};
	objectVersion = 46;
	objects = {

/* Begin PBXBuildFile section */
		6484B1431B64A619003E515B /* main.m in Sources */ = {isa = PBXBuildFile; fileRef = 6484B1421B64A619003E515B /* main.m */; };
		6484B1461B64A619003E515B /* AppDelegate.m in Sources */ = {isa = PBXBuildFile; fileRef = 6484B1451B64A619003E515B /* AppDelegate.m */; };
		6484B14E1B64A619003E515B /* Images.xcassets in Resources */ = {isa = PBXBuildFile; fileRef = 6484B14D1B64A619003E515B /* Images.xcassets */; };
		6484B1511B64A619003E515B /* LaunchScreen.xib in Resources */ = {isa = PBXBuildFile; fileRef = 6484B14F1B64A619003E515B /* LaunchScreen.xib */; };
		6484B15D1B64A619003E515B /* JYSideMenu_DemoTests.m in Sources */ = {isa = PBXBuildFile; fileRef = 6484B15C1B64A619003E515B /* JYSideMenu_DemoTests.m */; };
		6484B16A1B64A6A0003E515B /* MenuViewController.m in Sources */ = {isa = PBXBuildFile; fileRef = 6484B1691B64A6A0003E515B /* MenuViewController.m */; };
		64B1A8101B65090E00667564 /* mainTabBarController.m in Sources */ = {isa = PBXBuildFile; fileRef = 64B1A80F1B65090E00667564 /* mainTabBarController.m */; };
		64B1A8131B65095600667564 /* BaseTableViewController.m in Sources */ = {isa = PBXBuildFile; fileRef = 64B1A8121B65095600667564 /* BaseTableViewController.m */; };
/* End PBXBuildFile section */

/* Begin PBXContainerItemProxy section */
		6484B1571B64A619003E515B /* PBXContainerItemProxy */ = {
			isa = PBXContainerItemProxy;
			containerPortal = 6484B1351B64A619003E515B /* Project object */;
			proxyType = 1;
			remoteGlobalIDString = 6484B13C1B64A619003E515B;
			remoteInfo = "JYSideMenu-Demo";
		};
/* End PBXContainerItemProxy section */

/* Begin PBXFileReference section */
		6484B13D1B64A619003E515B /* JYSideMenu-Demo.app */ = {isa = PBXFileReference; explicitFileType = wrapper.application; includeInIndex = 0; path = "JYSideMenu-Demo.app"; sourceTree = BUILT_PRODUCTS_DIR; };
		6484B1411B64A619003E515B /* Info.plist */ = {isa = PBXFileReference; lastKnownFileType = text.plist.xml; path = Info.plist; sourceTree = "<group>"; };
		6484B1421B64A619003E515B /* main.m */ = {isa = PBXFileReference; lastKnownFileType = sourcecode.c.objc; path = main.m; sourceTree = "<group>"; };
		6484B1441B64A619003E515B /* AppDelegate.h */ = {isa = PBXFileReference; lastKnownFileType = sourcecode.c.h; path = AppDelegate.h; sourceTree = "<group>"; };
		6484B1451B64A619003E515B /* AppDelegate.m */ = {isa = PBXFileReference; lastKnownFileType = sourcecode.c.objc; path = AppDelegate.m; sourceTree = "<group>"; };
		6484B14D1B64A619003E515B /* Images.xcassets */ = {isa = PBXFileReference; lastKnownFileType = folder.assetcatalog; path = Images.xcassets; sourceTree = "<group>"; };
		6484B1501B64A619003E515B /* Base */ = {isa = PBXFileReference; lastKnownFileType = file.xib; name = Base; path = Base.lproj/LaunchScreen.xib; sourceTree = "<group>"; };
		6484B1561B64A619003E515B /* JYSideMenu-DemoTests.xctest */ = {isa = PBXFileReference; explicitFileType = wrapper.cfbundle; includeInIndex = 0; path = "JYSideMenu-DemoTests.xctest"; sourceTree = BUILT_PRODUCTS_DIR; };
		6484B15B1B64A619003E515B /* Info.plist */ = {isa = PBXFileReference; lastKnownFileType = text.plist.xml; path = Info.plist; sourceTree = "<group>"; };
		6484B15C1B64A619003E515B /* JYSideMenu_DemoTests.m */ = {isa = PBXFileReference; lastKnownFileType = sourcecode.c.objc; path = JYSideMenu_DemoTests.m; sourceTree = "<group>"; };
		6484B1681B64A6A0003E515B /* MenuViewController.h */ = {isa = PBXFileReference; fileEncoding = 4; lastKnownFileType = sourcecode.c.h; path = MenuViewController.h; sourceTree = "<group>"; };
		6484B1691B64A6A0003E515B /* MenuViewController.m */ = {isa = PBXFileReference; fileEncoding = 4; lastKnownFileType = sourcecode.c.objc; path = MenuViewController.m; sourceTree = "<group>"; };
		64B1A80E1B65090E00667564 /* mainTabBarController.h */ = {isa = PBXFileReference; fileEncoding = 4; lastKnownFileType = sourcecode.c.h; path = mainTabBarController.h; sourceTree = "<group>"; };
		64B1A80F1B65090E00667564 /* mainTabBarController.m */ = {isa = PBXFileReference; fileEncoding = 4; lastKnownFileType = sourcecode.c.objc; path = mainTabBarController.m; sourceTree = "<group>"; };
		64B1A8111B65095600667564 /* BaseTableViewController.h */ = {isa = PBXFileReference; fileEncoding = 4; lastKnownFileType = sourcecode.c.h; path = BaseTableViewController.h; sourceTree = "<group>"; };
		64B1A8121B65095600667564 /* BaseTableViewController.m */ = {isa = PBXFileReference; fileEncoding = 4; lastKnownFileType = sourcecode.c.objc; path = BaseTableViewController.m; sourceTree = "<group>"; };
/* End PBXFileReference section */

/* Begin PBXFrameworksBuildPhase section */
		6484B13A1B64A619003E515B /* Frameworks */ = {
			isa = PBXFrameworksBuildPhase;
			buildActionMask = 2147483647;
			files = (
			);
			runOnlyForDeploymentPostprocessing = 0;
		};
		6484B1531B64A619003E515B /* Frameworks */ = {
			isa = PBXFrameworksBuildPhase;
			buildActionMask = 2147483647;
			files = (
			);
			runOnlyForDeploymentPostprocessing = 0;
		};
/* End PBXFrameworksBuildPhase section */

/* Begin PBXGroup section */
		6484B1341B64A619003E515B = {
			isa = PBXGroup;
			children = (
				6484B13F1B64A619003E515B /* JYSideMenu-Demo */,
				6484B1591B64A619003E515B /* JYSideMenu-DemoTests */,
				6484B13E1B64A619003E515B /* Products */,
			);
			sourceTree = "<group>";
		};
		6484B13E1B64A619003E515B /* Products */ = {
			isa = PBXGroup;
			children = (
				6484B13D1B64A619003E515B /* JYSideMenu-Demo.app */,
				6484B1561B64A619003E515B /* JYSideMenu-DemoTests.xctest */,
			);
			name = Products;
			sourceTree = "<group>";
		};
		6484B13F1B64A619003E515B /* JYSideMenu-Demo */ = {
			isa = PBXGroup;
			children = (
				6484B1671B64A696003E515B /* JYSideMenu */,
				64B1A80D1B6507F800667564 /* main */,
				6484B1441B64A619003E515B /* AppDelegate.h */,
				6484B1451B64A619003E515B /* AppDelegate.m */,
				6484B14D1B64A619003E515B /* Images.xcassets */,
				6484B14F1B64A619003E515B /* LaunchScreen.xib */,
				6484B1401B64A619003E515B /* Supporting Files */,
			);
			path = "JYSideMenu-Demo";
			sourceTree = "<group>";
		};
		6484B1401B64A619003E515B /* Supporting Files */ = {
			isa = PBXGroup;
			children = (
				6484B1411B64A619003E515B /* Info.plist */,
				6484B1421B64A619003E515B /* main.m */,
			);
			name = "Supporting Files";
			sourceTree = "<group>";
		};
		6484B1591B64A619003E515B /* JYSideMenu-DemoTests */ = {
			isa = PBXGroup;
			children = (
				6484B15C1B64A619003E515B /* JYSideMenu_DemoTests.m */,
				6484B15A1B64A619003E515B /* Supporting Files */,
			);
			path = "JYSideMenu-DemoTests";
			sourceTree = "<group>";
		};
		6484B15A1B64A619003E515B /* Supporting Files */ = {
			isa = PBXGroup;
			children = (
				6484B15B1B64A619003E515B /* Info.plist */,
			);
			name = "Supporting Files";
			sourceTree = "<group>";
		};
		6484B1671B64A696003E515B /* JYSideMenu */ = {
			isa = PBXGroup;
			children = (
				6484B1681B64A6A0003E515B /* MenuViewController.h */,
				6484B1691B64A6A0003E515B /* MenuViewController.m */,
			);
			path = JYSideMenu;
			sourceTree = "<group>";
		};
		64B1A80D1B6507F800667564 /* main */ = {
			isa = PBXGroup;
			children = (
				64B1A80E1B65090E00667564 /* mainTabBarController.h */,
				64B1A80F1B65090E00667564 /* mainTabBarController.m */,
				64B1A8111B65095600667564 /* BaseTableViewController.h */,
				64B1A8121B65095600667564 /* BaseTableViewController.m */,
			);
			path = main;
			sourceTree = "<group>";
		};
/* End PBXGroup section */

/* Begin PBXNativeTarget section */
		6484B13C1B64A619003E515B /* JYSideMenu-Demo */ = {
			isa = PBXNativeTarget;
			buildConfigurationList = 6484B1601B64A619003E515B /* Build configuration list for PBXNativeTarget "JYSideMenu-Demo" */;
			buildPhases = (
				6484B1391B64A619003E515B /* Sources */,
				6484B13A1B64A619003E515B /* Frameworks */,
				6484B13B1B64A619003E515B /* Resources */,
			);
			buildRules = (
			);
			dependencies = (
			);
			name = "JYSideMenu-Demo";
			productName = "JYSideMenu-Demo";
			productReference = 6484B13D1B64A619003E515B /* JYSideMenu-Demo.app */;
			productType = "com.apple.product-type.application";
		};
		6484B1551B64A619003E515B /* JYSideMenu-DemoTests */ = {
			isa = PBXNativeTarget;
			buildConfigurationList = 6484B1631B64A619003E515B /* Build configuration list for PBXNativeTarget "JYSideMenu-DemoTests" */;
			buildPhases = (
				6484B1521B64A619003E515B /* Sources */,
				6484B1531B64A619003E515B /* Frameworks */,
				6484B1541B64A619003E515B /* Resources */,
			);
			buildRules = (
			);
			dependencies = (
				6484B1581B64A619003E515B /* PBXTargetDependency */,
			);
			name = "JYSideMenu-DemoTests";
			productName = "JYSideMenu-DemoTests";
			productReference = 6484B1561B64A619003E515B /* JYSideMenu-DemoTests.xctest */;
			productType = "com.apple.product-type.bundle.unit-test";
		};
/* End PBXNativeTarget section */

/* Begin PBXProject section */
		6484B1351B64A619003E515B /* Project object */ = {
			isa = PBXProject;
			attributes = {
				LastUpgradeCheck = 0630;
				ORGANIZATIONNAME = demo;
				TargetAttributes = {
					6484B13C1B64A619003E515B = {
						CreatedOnToolsVersion = 6.3.1;
					};
					6484B1551B64A619003E515B = {
						CreatedOnToolsVersion = 6.3.1;
						TestTargetID = 6484B13C1B64A619003E515B;
					};
				};
			};
			buildConfigurationList = 6484B1381B64A619003E515B /* Build configuration list for PBXProject "JYSideMenu-Demo" */;
			compatibilityVersion = "Xcode 3.2";
			developmentRegion = English;
			hasScannedForEncodings = 0;
			knownRegions = (
				en,
				Base,
			);
			mainGroup = 6484B1341B64A619003E515B;
			productRefGroup = 6484B13E1B64A619003E515B /* Products */;
			projectDirPath = "";
			projectRoot = "";
			targets = (
				6484B13C1B64A619003E515B /* JYSideMenu-Demo */,
				6484B1551B64A619003E515B /* JYSideMenu-DemoTests */,
			);
		};
/* End PBXProject section */

/* Begin PBXResourcesBuildPhase section */
		6484B13B1B64A619003E515B /* Resources */ = {
			isa = PBXResourcesBuildPhase;
			buildActionMask = 2147483647;
			files = (
				6484B1511B64A619003E515B /* LaunchScreen.xib in Resources */,
				6484B14E1B64A619003E515B /* Images.xcassets in Resources */,
			);
			runOnlyForDeploymentPostprocessing = 0;
		};
		6484B1541B64A619003E515B /* Resources */ = {
			isa = PBXResourcesBuildPhase;
			buildActionMask = 2147483647;
			files = (
			);
			runOnlyForDeploymentPostprocessing = 0;
		};
/* End PBXResourcesBuildPhase section */

/* Begin PBXSourcesBuildPhase section */
		6484B1391B64A619003E515B /* Sources */ = {
			isa = PBXSourcesBuildPhase;
			buildActionMask = 2147483647;
			files = (
				6484B1461B64A619003E515B /* AppDelegate.m in Sources */,
				6484B1431B64A619003E515B /* main.m in Sources */,
				64B1A8101B65090E00667564 /* mainTabBarController.m in Sources */,
				6484B16A1B64A6A0003E515B /* MenuViewController.m in Sources */,
				64B1A8131B65095600667564 /* BaseTableViewController.m in Sources */,
			);
			runOnlyForDeploymentPostprocessing = 0;
		};
		6484B1521B64A619003E515B /* Sources */ = {
			isa = PBXSourcesBuildPhase;
			buildActionMask = 2147483647;
			files = (
				6484B15D1B64A619003E515B /* JYSideMenu_DemoTests.m in Sources */,
			);
			runOnlyForDeploymentPostprocessing = 0;
		};
/* End PBXSourcesBuildPhase section */

/* Begin PBXTargetDependency section */
		6484B1581B64A619003E515B /* PBXTargetDependency */ = {
			isa = PBXTargetDependency;
			target = 6484B13C1B64A619003E515B /* JYSideMenu-Demo */;
			targetProxy = 6484B1571B64A619003E515B /* PBXContainerItemProxy */;
		};
/* End PBXTargetDependency section */

/* Begin PBXVariantGroup section */
		6484B14F1B64A619003E515B /* LaunchScreen.xib */ = {
			isa = PBXVariantGroup;
			children = (
				6484B1501B64A619003E515B /* Base */,
			);
			name = LaunchScreen.xib;
			sourceTree = "<group>";
		};
/* End PBXVariantGroup section */

/* Begin XCBuildConfiguration section */
		6484B15E1B64A619003E515B /* Debug */ = {
			isa = XCBuildConfiguration;
			buildSettings = {
				ALWAYS_SEARCH_USER_PATHS = NO;
				CLANG_CXX_LANGUAGE_STANDARD = "gnu++0x";
				CLANG_CXX_LIBRARY = "libc++";
				CLANG_ENABLE_MODULES = YES;
				CLANG_ENABLE_OBJC_ARC = YES;
				CLANG_WARN_BOOL_CONVERSION = YES;
				CLANG_WARN_CONSTANT_CONVERSION = YES;
				CLANG_WARN_DIRECT_OBJC_ISA_USAGE = YES_ERROR;
				CLANG_WARN_EMPTY_BODY = YES;
				CLANG_WARN_ENUM_CONVERSION = YES;
				CLANG_WARN_INT_CONVERSION = YES;
				CLANG_WARN_OBJC_ROOT_CLASS = YES_ERROR;
				CLANG_WARN_UNREACHABLE_CODE = YES;
				CLANG_WARN__DUPLICATE_METHOD_MATCH = YES;
				"CODE_SIGN_IDENTITY[sdk=iphoneos*]" = "iPhone Developer";
				COPY_PHASE_STRIP = NO;
				DEBUG_INFORMATION_FORMAT = "dwarf-with-dsym";
				ENABLE_STRICT_OBJC_MSGSEND = YES;
				GCC_C_LANGUAGE_STANDARD = gnu99;
				GCC_DYNAMIC_NO_PIC = NO;
				GCC_NO_COMMON_BLOCKS = YES;
				GCC_OPTIMIZATION_LEVEL = 0;
				GCC_PREPROCESSOR_DEFINITIONS = (
					"DEBUG=1",
					"$(inherited)",
				);
				GCC_SYMBOLS_PRIVATE_EXTERN = NO;
				GCC_WARN_64_TO_32_BIT_CONVERSION = YES;
				GCC_WARN_ABOUT_RETURN_TYPE = YES_ERROR;
				GCC_WARN_UNDECLARED_SELECTOR = YES;
				GCC_WARN_UNINITIALIZED_AUTOS = YES_AGGRESSIVE;
				GCC_WARN_UNUSED_FUNCTION = YES;
				GCC_WARN_UNUSED_VARIABLE = YES;
				IPHONEOS_DEPLOYMENT_TARGET = 8.3;
				MTL_ENABLE_DEBUG_INFO = YES;
				ONLY_ACTIVE_ARCH = YES;
				SDKROOT = iphoneos;
			};
			name = Debug;
		};
		6484B15F1B64A619003E515B /* Release */ = {
			isa = XCBuildConfiguration;
			buildSettings = {
				ALWAYS_SEARCH_USER_PATHS = NO;
				CLANG_CXX_LANGUAGE_STANDARD = "gnu++0x";
				CLANG_CXX_LIBRARY = "libc++";
				CLANG_ENABLE_MODULES = YES;
				CLANG_ENABLE_OBJC_ARC = YES;
				CLANG_WARN_BOOL_CONVERSION = YES;
				CLANG_WARN_CONSTANT_CONVERSION = YES;
				CLANG_WARN_DIRECT_OBJC_ISA_USAGE = YES_ERROR;
				CLANG_WARN_EMPTY_BODY = YES;
				CLANG_WARN_ENUM_CONVERSION = YES;
				CLANG_WARN_INT_CONVERSION = YES;
				CLANG_WARN_OBJC_ROOT_CLASS = YES_ERROR;
				CLANG_WARN_UNREACHABLE_CODE = YES;
				CLANG_WARN__DUPLICATE_METHOD_MATCH = YES;
				"CODE_SIGN_IDENTITY[sdk=iphoneos*]" = "iPhone Developer";
				COPY_PHASE_STRIP = NO;
				DEBUG_INFORMATION_FORMAT = "dwarf-with-dsym";
				ENABLE_NS_ASSERTIONS = NO;
				ENABLE_STRICT_OBJC_MSGSEND = YES;
				GCC_C_LANGUAGE_STANDARD = gnu99;
				GCC_NO_COMMON_BLOCKS = YES;
				GCC_WARN_64_TO_32_BIT_CONVERSION = YES;
				GCC_WARN_ABOUT_RETURN_TYPE = YES_ERROR;
				GCC_WARN_UNDECLARED_SELECTOR = YES;
				GCC_WARN_UNINITIALIZED_AUTOS = YES_AGGRESSIVE;
				GCC_WARN_UNUSED_FUNCTION = YES;
				GCC_WARN_UNUSED_VARIABLE = YES;
				IPHONEOS_DEPLOYMENT_TARGET = 8.3;
				MTL_ENABLE_DEBUG_INFO = NO;
				SDKROOT = iphoneos;
				VALIDATE_PRODUCT = YES;
			};
			name = Release;
		};
		6484B1611B64A619003E515B /* Debug */ = {
			isa = XCBuildConfiguration;
			buildSettings = {
				ASSETCATALOG_COMPILER_APPICON_NAME = AppIcon;
				ASSETCATALOG_COMPILER_LAUNCHIMAGE_NAME = LaunchImage;
				INFOPLIST_FILE = "JYSideMenu-Demo/Info.plist";
				IPHONEOS_DEPLOYMENT_TARGET = 7.0;
				LD_RUNPATH_SEARCH_PATHS = "$(inherited) @executable_path/Frameworks";
				PRODUCT_NAME = "$(TARGET_NAME)";
			};
			name = Debug;
		};
		6484B1621B64A619003E515B /* Release */ = {
			isa = XCBuildConfiguration;
			buildSettings = {
				ASSETCATALOG_COMPILER_APPICON_NAME = AppIcon;
				ASSETCATALOG_COMPILER_LAUNCHIMAGE_NAME = LaunchImage;
				INFOPLIST_FILE = "JYSideMenu-Demo/Info.plist";
				IPHONEOS_DEPLOYMENT_TARGET = 7.0;
				LD_RUNPATH_SEARCH_PATHS = "$(inherited) @executable_path/Frameworks";
				PRODUCT_NAME = "$(TARGET_NAME)";
			};
			name = Release;
		};
		6484B1641B64A619003E515B /* Debug */ = {
			isa = XCBuildConfiguration;
			buildSettings = {
				BUNDLE_LOADER = "$(TEST_HOST)";
				FRAMEWORK_SEARCH_PATHS = (
					"$(SDKROOT)/Developer/Library/Frameworks",
					"$(inherited)",
				);
				GCC_PREPROCESSOR_DEFINITIONS = (
					"DEBUG=1",
					"$(inherited)",
				);
				INFOPLIST_FILE = "JYSideMenu-DemoTests/Info.plist";
				LD_RUNPATH_SEARCH_PATHS = "$(inherited) @executable_path/Frameworks @loader_path/Frameworks";
				PRODUCT_NAME = "$(TARGET_NAME)";
				TEST_HOST = "$(BUILT_PRODUCTS_DIR)/JYSideMenu-Demo.app/JYSideMenu-Demo";
			};
			name = Debug;
		};
		6484B1651B64A619003E515B /* Release */ = {
			isa = XCBuildConfiguration;
			buildSettings = {
				BUNDLE_LOADER = "$(TEST_HOST)";
				FRAMEWORK_SEARCH_PATHS = (
					"$(SDKROOT)/Developer/Library/Frameworks",
					"$(inherited)",
				);
				INFOPLIST_FILE = "JYSideMenu-DemoTests/Info.plist";
				LD_RUNPATH_SEARCH_PATHS = "$(inherited) @executable_path/Frameworks @loader_path/Frameworks";
				PRODUCT_NAME = "$(TARGET_NAME)";
				TEST_HOST = "$(BUILT_PRODUCTS_DIR)/JYSideMenu-Demo.app/JYSideMenu-Demo";
			};
			name = Release;
		};
/* End XCBuildConfiguration section */

/* Begin XCConfigurationList section */
		6484B1381B64A619003E515B /* Build configuration list for PBXProject "JYSideMenu-Demo" */ = {
			isa = XCConfigurationList;
			buildConfigurations = (
				6484B15E1B64A619003E515B /* Debug */,
				6484B15F1B64A619003E515B /* Release */,
			);
			defaultConfigurationIsVisible = 0;
			defaultConfigurationName = Release;
		};
		6484B1601B64A619003E515B /* Build configuration list for PBXNativeTarget "JYSideMenu-Demo" */ = {
			isa = XCConfigurationList;
			buildConfigurations = (
				6484B1611B64A619003E515B /* Debug */,
				6484B1621B64A619003E515B /* Release */,
			);
			defaultConfigurationIsVisible = 0;
			defaultConfigurationName = Release;
		};
		6484B1631B64A619003E515B /* Build configuration list for PBXNativeTarget "JYSideMenu-DemoTests" */ = {
			isa = XCConfigurationList;
			buildConfigurations = (
				6484B1641B64A619003E515B /* Debug */,
				6484B1651B64A619003E515B /* Release */,
			);
			defaultConfigurationIsVisible = 0;
			defaultConfigurationName = Release;
		};
/* End XCConfigurationList section */
	};
	rootObject = 6484B1351B64A619003E515B /* Project object */;
}
